
Microsoft Visual Studio Solution File, Format Version 12.00
# Visual Studio Version 17
VisualStudioVersion = 17.2.32526.322
MinimumVisualStudioVersion = 10.0.40219.1
Project("{FAE04EC0-301F-11D3-BF4B-00C04F79EFBC}") = "Crazy_Panda_Test_Task", "Crazy_Panda_Test_Task\Crazy_Panda_Test_Task.csproj", "{0C61CFF3-9616-4E53-ADC9-DC3B24189BF0}"
EndProject
Global
	GlobalSection(SolutionConfigurationPlatforms) = preSolution
		Debug|Any CPU = Debug|Any CPU
		Release|Any CPU = Release|Any CPU
	EndGlobalSection
	GlobalSection(ProjectConfigurationPlatforms) = postSolution
		{0C61CFF3-9616-4E53-ADC9-DC3B24189BF0}.Debug|Any CPU.ActiveCfg = Debug|Any CPU
		{0C61CFF3-9616-4E53-ADC9-DC3B24189BF0}.Debug|Any CPU.Build.0 = Debug|Any CPU
		{0C61CFF3-9616-4E53-ADC9-DC3B24189BF0}.Release|Any CPU.ActiveCfg = Release|Any CPU
		{0C61CFF3-9616-4E53-ADC9-DC3B24189BF0}.Release|Any CPU.Build.0 = Release|Any CPU
	EndGlobalSection
	GlobalSection(SolutionProperties) = preSolution
		HideSolutionNode = FALSE
	EndGlobalSection
	GlobalSection(ExtensibilityGlobals) = postSolution
		SolutionGuid = {48BDA63D-35F9-4A6D-9B77-65746CAB31B3}
	EndGlobalSection
EndGlobal
